
Microsoft Visual Studio Solution File, Format Version 12.00
# Visual Studio Version 17
VisualStudioVersion = 17.5.33627.172
MinimumVisualStudioVersion = 10.0.40219.1
Project("{9A19103F-16F7-4668-BE54-9A1E7A4F7556}") = "DevOfWebApp", "DevOfWebApp\DevOfWebApp.csproj", "{0B223418-D047-4C88-B69D-4E87B5C36B89}"
EndProject
Global
	GlobalSection(SolutionConfigurationPlatforms) = preSolution
		Debug|Any CPU = Debug|Any CPU
		Release|Any CPU = Release|Any CPU
	EndGlobalSection
	GlobalSection(ProjectConfigurationPlatforms) = postSolution
		{0B223418-D047-4C88-B69D-4E87B5C36B89}.Debug|Any CPU.ActiveCfg = Debug|Any CPU
		{0B223418-D047-4C88-B69D-4E87B5C36B89}.Debug|Any CPU.Build.0 = Debug|Any CPU
		{0B223418-D047-4C88-B69D-4E87B5C36B89}.Release|Any CPU.ActiveCfg = Release|Any CPU
		{0B223418-D047-4C88-B69D-4E87B5C36B89}.Release|Any CPU.Build.0 = Release|Any CPU
	EndGlobalSection
	GlobalSection(SolutionProperties) = preSolution
		HideSolutionNode = FALSE
	EndGlobalSection
	GlobalSection(ExtensibilityGlobals) = postSolution
		SolutionGuid = {6BA23939-C227-414B-A789-A0FCD95920CC}
	EndGlobalSection
EndGlobal
